// !$*UTF8*$!
{
	archiveVersion = 1;
	classes = {
	};
	objectVersion = 56;
	objects = {

/* Begin PBXBuildFile section */
		323C6AA92A587D18004264BE /* OnboardingViewController.swift in Sources */ = {isa = PBXBuildFile; fileRef = 323C6AA82A587D17004264BE /* OnboardingViewController.swift */; };
		323C6AAC2A587E96004264BE /* OnboardingCollectionViewCell.swift in Sources */ = {isa = PBXBuildFile; fileRef = 323C6AAB2A587E96004264BE /* OnboardingCollectionViewCell.swift */; };
		323C6AE72A5886F7004264BE /* Fonts.swift in Sources */ = {isa = PBXBuildFile; fileRef = 323C6AE62A5886F7004264BE /* Fonts.swift */; };
		3250D0412A5A7890008BD20F /* GoogleService-Info.plist in Resources */ = {isa = PBXBuildFile; fileRef = 3250D0402A5A7890008BD20F /* GoogleService-Info.plist */; };
		327D37522A599E440077FFC2 /* Montserrat-ExtraLight.ttf in Resources */ = {isa = PBXBuildFile; fileRef = 327D37402A599E430077FFC2 /* Montserrat-ExtraLight.ttf */; };
		327D37532A599E440077FFC2 /* Montserrat-Medium.ttf in Resources */ = {isa = PBXBuildFile; fileRef = 327D37412A599E430077FFC2 /* Montserrat-Medium.ttf */; };
		327D37542A599E440077FFC2 /* Montserrat-ExtraLightItalic.ttf in Resources */ = {isa = PBXBuildFile; fileRef = 327D37422A599E430077FFC2 /* Montserrat-ExtraLightItalic.ttf */; };
		327D37552A599E440077FFC2 /* Montserrat-ExtraBold.ttf in Resources */ = {isa = PBXBuildFile; fileRef = 327D37432A599E430077FFC2 /* Montserrat-ExtraBold.ttf */; };
		327D37562A599E440077FFC2 /* Montserrat-MediumItalic.ttf in Resources */ = {isa = PBXBuildFile; fileRef = 327D37442A599E430077FFC2 /* Montserrat-MediumItalic.ttf */; };
		327D37572A599E440077FFC2 /* Montserrat-Regular.ttf in Resources */ = {isa = PBXBuildFile; fileRef = 327D37452A599E430077FFC2 /* Montserrat-Regular.ttf */; };
		327D37582A599E440077FFC2 /* Montserrat-SemiBold.ttf in Resources */ = {isa = PBXBuildFile; fileRef = 327D37462A599E430077FFC2 /* Montserrat-SemiBold.ttf */; };
		327D37592A599E440077FFC2 /* Montserrat-Thin.ttf in Resources */ = {isa = PBXBuildFile; fileRef = 327D37472A599E430077FFC2 /* Montserrat-Thin.ttf */; };
		327D375A2A599E440077FFC2 /* Montserrat-Black.ttf in Resources */ = {isa = PBXBuildFile; fileRef = 327D37482A599E430077FFC2 /* Montserrat-Black.ttf */; };
		327D375B2A599E440077FFC2 /* Montserrat-LightItalic.ttf in Resources */ = {isa = PBXBuildFile; fileRef = 327D37492A599E430077FFC2 /* Montserrat-LightItalic.ttf */; };
		327D375C2A599E440077FFC2 /* Montserrat-Bold.ttf in Resources */ = {isa = PBXBuildFile; fileRef = 327D374A2A599E430077FFC2 /* Montserrat-Bold.ttf */; };
		327D375D2A599E440077FFC2 /* Montserrat-Light.ttf in Resources */ = {isa = PBXBuildFile; fileRef = 327D374B2A599E430077FFC2 /* Montserrat-Light.ttf */; };
		327D375E2A599E440077FFC2 /* Montserrat-SemiBoldItalic.ttf in Resources */ = {isa = PBXBuildFile; fileRef = 327D374C2A599E430077FFC2 /* Montserrat-SemiBoldItalic.ttf */; };
		327D375F2A599E440077FFC2 /* Montserrat-ExtraBoldItalic.ttf in Resources */ = {isa = PBXBuildFile; fileRef = 327D374D2A599E430077FFC2 /* Montserrat-ExtraBoldItalic.ttf */; };
		327D37602A599E440077FFC2 /* Montserrat-ThinItalic.ttf in Resources */ = {isa = PBXBuildFile; fileRef = 327D374E2A599E430077FFC2 /* Montserrat-ThinItalic.ttf */; };
		327D37612A599E440077FFC2 /* Montserrat-BoldItalic.ttf in Resources */ = {isa = PBXBuildFile; fileRef = 327D374F2A599E440077FFC2 /* Montserrat-BoldItalic.ttf */; };
		327D37622A599E440077FFC2 /* Montserrat-BlackItalic.ttf in Resources */ = {isa = PBXBuildFile; fileRef = 327D37502A599E440077FFC2 /* Montserrat-BlackItalic.ttf */; };
		327D37632A599E440077FFC2 /* Montserrat-Italic.ttf in Resources */ = {isa = PBXBuildFile; fileRef = 327D37512A599E440077FFC2 /* Montserrat-Italic.ttf */; };
		32C0A9C32A5A7D230045E1D2 /* SignUpViewController.swift in Sources */ = {isa = PBXBuildFile; fileRef = 32C0A9C22A5A7D230045E1D2 /* SignUpViewController.swift */; };
		32C0A9C52A5A7D280045E1D2 /* SignUpPresenter.swift in Sources */ = {isa = PBXBuildFile; fileRef = 32C0A9C42A5A7D280045E1D2 /* SignUpPresenter.swift */; };
		32C0A9C72A5A7D2D0045E1D2 /* SignUpInteractor.swift in Sources */ = {isa = PBXBuildFile; fileRef = 32C0A9C62A5A7D2D0045E1D2 /* SignUpInteractor.swift */; };
		32C0A9C92A5A7D310045E1D2 /* SignUpRouter.swift in Sources */ = {isa = PBXBuildFile; fileRef = 32C0A9C82A5A7D310045E1D2 /* SignUpRouter.swift */; };
		32C0A9CB2A5A7D360045E1D2 /* SignUpModuleBuilder.swift in Sources */ = {isa = PBXBuildFile; fileRef = 32C0A9CA2A5A7D360045E1D2 /* SignUpModuleBuilder.swift */; };
		32C0A9CD2A5A7D3F0045E1D2 /* SignUpProtocols.swift in Sources */ = {isa = PBXBuildFile; fileRef = 32C0A9CC2A5A7D3F0045E1D2 /* SignUpProtocols.swift */; };
		32E6FF272A586BF30081E31B /* AppDelegate.swift in Sources */ = {isa = PBXBuildFile; fileRef = 32E6FF262A586BF30081E31B /* AppDelegate.swift */; };
		32E6FF292A586BF30081E31B /* SceneDelegate.swift in Sources */ = {isa = PBXBuildFile; fileRef = 32E6FF282A586BF30081E31B /* SceneDelegate.swift */; };
		32E6FF302A586BF30081E31B /* Assets.xcassets in Resources */ = {isa = PBXBuildFile; fileRef = 32E6FF2F2A586BF30081E31B /* Assets.xcassets */; };
		675E693A511B58876F1D16AE /* Pods_OneFootball.framework in Frameworks */ = {isa = PBXBuildFile; fileRef = 656E6593CF595F06ABC5E572 /* Pods_OneFootball.framework */; };
/* End PBXBuildFile section */

/* Begin PBXFileReference section */
		323C6AA82A587D17004264BE /* OnboardingViewController.swift */ = {isa = PBXFileReference; lastKnownFileType = sourcecode.swift; path = OnboardingViewController.swift; sourceTree = "<group>"; };
		323C6AAB2A587E96004264BE /* OnboardingCollectionViewCell.swift */ = {isa = PBXFileReference; lastKnownFileType = sourcecode.swift; path = OnboardingCollectionViewCell.swift; sourceTree = "<group>"; };
		323C6AE62A5886F7004264BE /* Fonts.swift */ = {isa = PBXFileReference; lastKnownFileType = sourcecode.swift; path = Fonts.swift; sourceTree = "<group>"; };
		3250D0402A5A7890008BD20F /* GoogleService-Info.plist */ = {isa = PBXFileReference; fileEncoding = 4; lastKnownFileType = text.plist.xml; path = "GoogleService-Info.plist"; sourceTree = "<group>"; };
		327D37402A599E430077FFC2 /* Montserrat-ExtraLight.ttf */ = {isa = PBXFileReference; lastKnownFileType = file; path = "Montserrat-ExtraLight.ttf"; sourceTree = "<group>"; };
		327D37412A599E430077FFC2 /* Montserrat-Medium.ttf */ = {isa = PBXFileReference; lastKnownFileType = file; path = "Montserrat-Medium.ttf"; sourceTree = "<group>"; };
		327D37422A599E430077FFC2 /* Montserrat-ExtraLightItalic.ttf */ = {isa = PBXFileReference; lastKnownFileType = file; path = "Montserrat-ExtraLightItalic.ttf"; sourceTree = "<group>"; };
		327D37432A599E430077FFC2 /* Montserrat-ExtraBold.ttf */ = {isa = PBXFileReference; lastKnownFileType = file; path = "Montserrat-ExtraBold.ttf"; sourceTree = "<group>"; };
		327D37442A599E430077FFC2 /* Montserrat-MediumItalic.ttf */ = {isa = PBXFileReference; lastKnownFileType = file; path = "Montserrat-MediumItalic.ttf"; sourceTree = "<group>"; };
		327D37452A599E430077FFC2 /* Montserrat-Regular.ttf */ = {isa = PBXFileReference; lastKnownFileType = file; path = "Montserrat-Regular.ttf"; sourceTree = "<group>"; };
		327D37462A599E430077FFC2 /* Montserrat-SemiBold.ttf */ = {isa = PBXFileReference; lastKnownFileType = file; path = "Montserrat-SemiBold.ttf"; sourceTree = "<group>"; };
		327D37472A599E430077FFC2 /* Montserrat-Thin.ttf */ = {isa = PBXFileReference; lastKnownFileType = file; path = "Montserrat-Thin.ttf"; sourceTree = "<group>"; };
		327D37482A599E430077FFC2 /* Montserrat-Black.ttf */ = {isa = PBXFileReference; lastKnownFileType = file; path = "Montserrat-Black.ttf"; sourceTree = "<group>"; };
		327D37492A599E430077FFC2 /* Montserrat-LightItalic.ttf */ = {isa = PBXFileReference; lastKnownFileType = file; path = "Montserrat-LightItalic.ttf"; sourceTree = "<group>"; };
		327D374A2A599E430077FFC2 /* Montserrat-Bold.ttf */ = {isa = PBXFileReference; lastKnownFileType = file; path = "Montserrat-Bold.ttf"; sourceTree = "<group>"; };
		327D374B2A599E430077FFC2 /* Montserrat-Light.ttf */ = {isa = PBXFileReference; lastKnownFileType = file; path = "Montserrat-Light.ttf"; sourceTree = "<group>"; };
		327D374C2A599E430077FFC2 /* Montserrat-SemiBoldItalic.ttf */ = {isa = PBXFileReference; lastKnownFileType = file; path = "Montserrat-SemiBoldItalic.ttf"; sourceTree = "<group>"; };
		327D374D2A599E430077FFC2 /* Montserrat-ExtraBoldItalic.ttf */ = {isa = PBXFileReference; lastKnownFileType = file; path = "Montserrat-ExtraBoldItalic.ttf"; sourceTree = "<group>"; };
		327D374E2A599E430077FFC2 /* Montserrat-ThinItalic.ttf */ = {isa = PBXFileReference; lastKnownFileType = file; path = "Montserrat-ThinItalic.ttf"; sourceTree = "<group>"; };
		327D374F2A599E440077FFC2 /* Montserrat-BoldItalic.ttf */ = {isa = PBXFileReference; lastKnownFileType = file; path = "Montserrat-BoldItalic.ttf"; sourceTree = "<group>"; };
		327D37502A599E440077FFC2 /* Montserrat-BlackItalic.ttf */ = {isa = PBXFileReference; lastKnownFileType = file; path = "Montserrat-BlackItalic.ttf"; sourceTree = "<group>"; };
		327D37512A599E440077FFC2 /* Montserrat-Italic.ttf */ = {isa = PBXFileReference; lastKnownFileType = file; path = "Montserrat-Italic.ttf"; sourceTree = "<group>"; };
		32C0A9C22A5A7D230045E1D2 /* SignUpViewController.swift */ = {isa = PBXFileReference; lastKnownFileType = sourcecode.swift; path = SignUpViewController.swift; sourceTree = "<group>"; };
		32C0A9C42A5A7D280045E1D2 /* SignUpPresenter.swift */ = {isa = PBXFileReference; lastKnownFileType = sourcecode.swift; path = SignUpPresenter.swift; sourceTree = "<group>"; };
		32C0A9C62A5A7D2D0045E1D2 /* SignUpInteractor.swift */ = {isa = PBXFileReference; lastKnownFileType = sourcecode.swift; path = SignUpInteractor.swift; sourceTree = "<group>"; };
		32C0A9C82A5A7D310045E1D2 /* SignUpRouter.swift */ = {isa = PBXFileReference; lastKnownFileType = sourcecode.swift; path = SignUpRouter.swift; sourceTree = "<group>"; };
		32C0A9CA2A5A7D360045E1D2 /* SignUpModuleBuilder.swift */ = {isa = PBXFileReference; lastKnownFileType = sourcecode.swift; path = SignUpModuleBuilder.swift; sourceTree = "<group>"; };
		32C0A9CC2A5A7D3F0045E1D2 /* SignUpProtocols.swift */ = {isa = PBXFileReference; lastKnownFileType = sourcecode.swift; path = SignUpProtocols.swift; sourceTree = "<group>"; };
		32E6FF232A586BF30081E31B /* OneFootball.app */ = {isa = PBXFileReference; explicitFileType = wrapper.application; includeInIndex = 0; path = OneFootball.app; sourceTree = BUILT_PRODUCTS_DIR; };
		32E6FF262A586BF30081E31B /* AppDelegate.swift */ = {isa = PBXFileReference; lastKnownFileType = sourcecode.swift; path = AppDelegate.swift; sourceTree = "<group>"; };
		32E6FF282A586BF30081E31B /* SceneDelegate.swift */ = {isa = PBXFileReference; lastKnownFileType = sourcecode.swift; path = SceneDelegate.swift; sourceTree = "<group>"; };
		32E6FF2F2A586BF30081E31B /* Assets.xcassets */ = {isa = PBXFileReference; lastKnownFileType = folder.assetcatalog; path = Assets.xcassets; sourceTree = "<group>"; };
		32E6FF342A586BF30081E31B /* Info.plist */ = {isa = PBXFileReference; lastKnownFileType = text.plist.xml; path = Info.plist; sourceTree = "<group>"; };
		656E6593CF595F06ABC5E572 /* Pods_OneFootball.framework */ = {isa = PBXFileReference; explicitFileType = wrapper.framework; includeInIndex = 0; path = Pods_OneFootball.framework; sourceTree = BUILT_PRODUCTS_DIR; };
		E3300F3A8C5A9BAC92CA5872 /* Pods-OneFootball.debug.xcconfig */ = {isa = PBXFileReference; includeInIndex = 1; lastKnownFileType = text.xcconfig; name = "Pods-OneFootball.debug.xcconfig"; path = "Target Support Files/Pods-OneFootball/Pods-OneFootball.debug.xcconfig"; sourceTree = "<group>"; };
		F426F271D5F568D0FCD78575 /* Pods-OneFootball.release.xcconfig */ = {isa = PBXFileReference; includeInIndex = 1; lastKnownFileType = text.xcconfig; name = "Pods-OneFootball.release.xcconfig"; path = "Target Support Files/Pods-OneFootball/Pods-OneFootball.release.xcconfig"; sourceTree = "<group>"; };
/* End PBXFileReference section */

/* Begin PBXFrameworksBuildPhase section */
		32E6FF202A586BF30081E31B /* Frameworks */ = {
			isa = PBXFrameworksBuildPhase;
			buildActionMask = 2147483647;
			files = (
				675E693A511B58876F1D16AE /* Pods_OneFootball.framework in Frameworks */,
			);
			runOnlyForDeploymentPostprocessing = 0;
		};
/* End PBXFrameworksBuildPhase section */

/* Begin PBXGroup section */
		323C6AA42A587CBC004264BE /* Resources */ = {
			isa = PBXGroup;
			children = (
				32E6FF2F2A586BF30081E31B /* Assets.xcassets */,
			);
			path = Resources;
			sourceTree = "<group>";
		};
		323C6AA52A587CC4004264BE /* Modules */ = {
			isa = PBXGroup;
			children = (
				32C0A9C12A5A7D0A0045E1D2 /* Sign Up */,
				323C6AA72A587CEA004264BE /* Onboarding */,
			);
			path = Modules;
			sourceTree = "<group>";
		};
		323C6AA62A587CCB004264BE /* Application */ = {
			isa = PBXGroup;
			children = (
				32E6FF262A586BF30081E31B /* AppDelegate.swift */,
				32E6FF282A586BF30081E31B /* SceneDelegate.swift */,
			);
			path = Application;
			sourceTree = "<group>";
		};
		323C6AA72A587CEA004264BE /* Onboarding */ = {
			isa = PBXGroup;
			children = (
				323C6AAA2A587E84004264BE /* Views */,
				323C6AA82A587D17004264BE /* OnboardingViewController.swift */,
			);
			path = Onboarding;
			sourceTree = "<group>";
		};
		323C6AAA2A587E84004264BE /* Views */ = {
			isa = PBXGroup;
			children = (
				323C6AAB2A587E96004264BE /* OnboardingCollectionViewCell.swift */,
			);
			path = Views;
			sourceTree = "<group>";
		};
		323C6AAD2A588445004264BE /* Constants */ = {
			isa = PBXGroup;
			children = (
				323C6AE62A5886F7004264BE /* Fonts.swift */,
			);
			path = Constants;
			sourceTree = "<group>";
		};
		323C6AAE2A58844E004264BE /* Models */ = {
			isa = PBXGroup;
			children = (
			);
			path = Models;
			sourceTree = "<group>";
		};
		327D373F2A599D830077FFC2 /* Fonts */ = {
			isa = PBXGroup;
			children = (
				327D37482A599E430077FFC2 /* Montserrat-Black.ttf */,
				327D37502A599E440077FFC2 /* Montserrat-BlackItalic.ttf */,
				327D374A2A599E430077FFC2 /* Montserrat-Bold.ttf */,
				327D374F2A599E440077FFC2 /* Montserrat-BoldItalic.ttf */,
				327D37432A599E430077FFC2 /* Montserrat-ExtraBold.ttf */,
				327D374D2A599E430077FFC2 /* Montserrat-ExtraBoldItalic.ttf */,
				327D37402A599E430077FFC2 /* Montserrat-ExtraLight.ttf */,
				327D37422A599E430077FFC2 /* Montserrat-ExtraLightItalic.ttf */,
				327D37512A599E440077FFC2 /* Montserrat-Italic.ttf */,
				327D374B2A599E430077FFC2 /* Montserrat-Light.ttf */,
				327D37492A599E430077FFC2 /* Montserrat-LightItalic.ttf */,
				327D37412A599E430077FFC2 /* Montserrat-Medium.ttf */,
				327D37442A599E430077FFC2 /* Montserrat-MediumItalic.ttf */,
				327D37452A599E430077FFC2 /* Montserrat-Regular.ttf */,
				327D37462A599E430077FFC2 /* Montserrat-SemiBold.ttf */,
				327D374C2A599E430077FFC2 /* Montserrat-SemiBoldItalic.ttf */,
				327D37472A599E430077FFC2 /* Montserrat-Thin.ttf */,
				327D374E2A599E430077FFC2 /* Montserrat-ThinItalic.ttf */,
			);
			path = Fonts;
			sourceTree = "<group>";
		};
		32C0A9C12A5A7D0A0045E1D2 /* Sign Up */ = {
			isa = PBXGroup;
			children = (
				32C0A9C22A5A7D230045E1D2 /* SignUpViewController.swift */,
				32C0A9C42A5A7D280045E1D2 /* SignUpPresenter.swift */,
				32C0A9C62A5A7D2D0045E1D2 /* SignUpInteractor.swift */,
				32C0A9C82A5A7D310045E1D2 /* SignUpRouter.swift */,
				32C0A9CA2A5A7D360045E1D2 /* SignUpModuleBuilder.swift */,
				32C0A9CC2A5A7D3F0045E1D2 /* SignUpProtocols.swift */,
			);
			path = "Sign Up";
			sourceTree = "<group>";
		};
		32E6FF1A2A586BF30081E31B = {
			isa = PBXGroup;
			children = (
				32E6FF252A586BF30081E31B /* OneFootball */,
				32E6FF242A586BF30081E31B /* Products */,
				AD3E80B773198852A8F6036C /* Pods */,
				7A486889D15D822C8C7EBFFA /* Frameworks */,
			);
			sourceTree = "<group>";
		};
		32E6FF242A586BF30081E31B /* Products */ = {
			isa = PBXGroup;
			children = (
				32E6FF232A586BF30081E31B /* OneFootball.app */,
			);
			name = Products;
			sourceTree = "<group>";
		};
		32E6FF252A586BF30081E31B /* OneFootball */ = {
			isa = PBXGroup;
			children = (
				327D373F2A599D830077FFC2 /* Fonts */,
				323C6AAE2A58844E004264BE /* Models */,
				323C6AAD2A588445004264BE /* Constants */,
				323C6AA62A587CCB004264BE /* Application */,
				323C6AA52A587CC4004264BE /* Modules */,
				323C6AA42A587CBC004264BE /* Resources */,
				3250D0402A5A7890008BD20F /* GoogleService-Info.plist */,
				32E6FF342A586BF30081E31B /* Info.plist */,
			);
			path = OneFootball;
			sourceTree = "<group>";
		};
		7A486889D15D822C8C7EBFFA /* Frameworks */ = {
			isa = PBXGroup;
			children = (
				656E6593CF595F06ABC5E572 /* Pods_OneFootball.framework */,
			);
			name = Frameworks;
			sourceTree = "<group>";
		};
		AD3E80B773198852A8F6036C /* Pods */ = {
			isa = PBXGroup;
			children = (
				E3300F3A8C5A9BAC92CA5872 /* Pods-OneFootball.debug.xcconfig */,
				F426F271D5F568D0FCD78575 /* Pods-OneFootball.release.xcconfig */,
			);
			path = Pods;
			sourceTree = "<group>";
		};
/* End PBXGroup section */

/* Begin PBXNativeTarget section */
		32E6FF222A586BF30081E31B /* OneFootball */ = {
			isa = PBXNativeTarget;
			buildConfigurationList = 32E6FF372A586BF30081E31B /* Build configuration list for PBXNativeTarget "OneFootball" */;
			buildPhases = (
				A70D95294CC1EDF0BA1F4B1E /* [CP] Check Pods Manifest.lock */,
				32E6FF1F2A586BF30081E31B /* Sources */,
				32E6FF202A586BF30081E31B /* Frameworks */,
				32E6FF212A586BF30081E31B /* Resources */,
				A24E989C786C0AF29EA60D95 /* [CP] Embed Pods Frameworks */,
			);
			buildRules = (
			);
			dependencies = (
			);
			name = OneFootball;
			productName = OneFootball;
			productReference = 32E6FF232A586BF30081E31B /* OneFootball.app */;
			productType = "com.apple.product-type.application";
		};
/* End PBXNativeTarget section */

/* Begin PBXProject section */
		32E6FF1B2A586BF30081E31B /* Project object */ = {
			isa = PBXProject;
			attributes = {
				BuildIndependentTargetsInParallel = 1;
				LastSwiftUpdateCheck = 1430;
				LastUpgradeCheck = 1430;
				TargetAttributes = {
					32E6FF222A586BF30081E31B = {
						CreatedOnToolsVersion = 14.3.1;
					};
				};
			};
			buildConfigurationList = 32E6FF1E2A586BF30081E31B /* Build configuration list for PBXProject "OneFootball" */;
			compatibilityVersion = "Xcode 14.0";
			developmentRegion = en;
			hasScannedForEncodings = 0;
			knownRegions = (
				en,
				Base,
			);
			mainGroup = 32E6FF1A2A586BF30081E31B;
			productRefGroup = 32E6FF242A586BF30081E31B /* Products */;
			projectDirPath = "";
			projectRoot = "";
			targets = (
				32E6FF222A586BF30081E31B /* OneFootball */,
			);
		};
/* End PBXProject section */

/* Begin PBXResourcesBuildPhase section */
		32E6FF212A586BF30081E31B /* Resources */ = {
			isa = PBXResourcesBuildPhase;
			buildActionMask = 2147483647;
			files = (
				327D375E2A599E440077FFC2 /* Montserrat-SemiBoldItalic.ttf in Resources */,
				327D375B2A599E440077FFC2 /* Montserrat-LightItalic.ttf in Resources */,
				327D37552A599E440077FFC2 /* Montserrat-ExtraBold.ttf in Resources */,
				327D37612A599E440077FFC2 /* Montserrat-BoldItalic.ttf in Resources */,
				327D375A2A599E440077FFC2 /* Montserrat-Black.ttf in Resources */,
				327D37592A599E440077FFC2 /* Montserrat-Thin.ttf in Resources */,
				327D37632A599E440077FFC2 /* Montserrat-Italic.ttf in Resources */,
				32E6FF302A586BF30081E31B /* Assets.xcassets in Resources */,
				327D37572A599E440077FFC2 /* Montserrat-Regular.ttf in Resources */,
				327D37542A599E440077FFC2 /* Montserrat-ExtraLightItalic.ttf in Resources */,
				327D37622A599E440077FFC2 /* Montserrat-BlackItalic.ttf in Resources */,
				327D37532A599E440077FFC2 /* Montserrat-Medium.ttf in Resources */,
				327D375C2A599E440077FFC2 /* Montserrat-Bold.ttf in Resources */,
				327D37602A599E440077FFC2 /* Montserrat-ThinItalic.ttf in Resources */,
				327D37562A599E440077FFC2 /* Montserrat-MediumItalic.ttf in Resources */,
				327D37582A599E440077FFC2 /* Montserrat-SemiBold.ttf in Resources */,
				327D375F2A599E440077FFC2 /* Montserrat-ExtraBoldItalic.ttf in Resources */,
				3250D0412A5A7890008BD20F /* GoogleService-Info.plist in Resources */,
				327D37522A599E440077FFC2 /* Montserrat-ExtraLight.ttf in Resources */,
				327D375D2A599E440077FFC2 /* Montserrat-Light.ttf in Resources */,
			);
			runOnlyForDeploymentPostprocessing = 0;
		};
/* End PBXResourcesBuildPhase section */

/* Begin PBXShellScriptBuildPhase section */
		A24E989C786C0AF29EA60D95 /* [CP] Embed Pods Frameworks */ = {
			isa = PBXShellScriptBuildPhase;
			buildActionMask = 2147483647;
			files = (
			);
			inputFileListPaths = (
				"${PODS_ROOT}/Target Support Files/Pods-OneFootball/Pods-OneFootball-frameworks-${CONFIGURATION}-input-files.xcfilelist",
			);
			name = "[CP] Embed Pods Frameworks";
			outputFileListPaths = (
				"${PODS_ROOT}/Target Support Files/Pods-OneFootball/Pods-OneFootball-frameworks-${CONFIGURATION}-output-files.xcfilelist",
			);
			runOnlyForDeploymentPostprocessing = 0;
			shellPath = /bin/sh;
			shellScript = "\"${PODS_ROOT}/Target Support Files/Pods-OneFootball/Pods-OneFootball-frameworks.sh\"\n";
			showEnvVarsInLog = 0;
		};
		A70D95294CC1EDF0BA1F4B1E /* [CP] Check Pods Manifest.lock */ = {
			isa = PBXShellScriptBuildPhase;
			buildActionMask = 2147483647;
			files = (
			);
			inputFileListPaths = (
			);
			inputPaths = (
				"${PODS_PODFILE_DIR_PATH}/Podfile.lock",
				"${PODS_ROOT}/Manifest.lock",
			);
			name = "[CP] Check Pods Manifest.lock";
			outputFileListPaths = (
			);
			outputPaths = (
				"$(DERIVED_FILE_DIR)/Pods-OneFootball-checkManifestLockResult.txt",
			);
			runOnlyForDeploymentPostprocessing = 0;
			shellPath = /bin/sh;
			shellScript = "diff \"${PODS_PODFILE_DIR_PATH}/Podfile.lock\" \"${PODS_ROOT}/Manifest.lock\" > /dev/null\nif [ $? != 0 ] ; then\n    # print error to STDERR\n    echo \"error: The sandbox is not in sync with the Podfile.lock. Run 'pod install' or update your CocoaPods installation.\" >&2\n    exit 1\nfi\n# This output is used by Xcode 'outputs' to avoid re-running this script phase.\necho \"SUCCESS\" > \"${SCRIPT_OUTPUT_FILE_0}\"\n";
			showEnvVarsInLog = 0;
		};
/* End PBXShellScriptBuildPhase section */

/* Begin PBXSourcesBuildPhase section */
		32E6FF1F2A586BF30081E31B /* Sources */ = {
			isa = PBXSourcesBuildPhase;
			buildActionMask = 2147483647;
			files = (
				32C0A9C92A5A7D310045E1D2 /* SignUpRouter.swift in Sources */,
				32C0A9CD2A5A7D3F0045E1D2 /* SignUpProtocols.swift in Sources */,
				32C0A9C32A5A7D230045E1D2 /* SignUpViewController.swift in Sources */,
				32E6FF272A586BF30081E31B /* AppDelegate.swift in Sources */,
				32C0A9C72A5A7D2D0045E1D2 /* SignUpInteractor.swift in Sources */,
				323C6AAC2A587E96004264BE /* OnboardingCollectionViewCell.swift in Sources */,
				32E6FF292A586BF30081E31B /* SceneDelegate.swift in Sources */,
				32C0A9C52A5A7D280045E1D2 /* SignUpPresenter.swift in Sources */,
				323C6AE72A5886F7004264BE /* Fonts.swift in Sources */,
				323C6AA92A587D18004264BE /* OnboardingViewController.swift in Sources */,
				32C0A9CB2A5A7D360045E1D2 /* SignUpModuleBuilder.swift in Sources */,
			);
			runOnlyForDeploymentPostprocessing = 0;
		};
/* End PBXSourcesBuildPhase section */

/* Begin XCBuildConfiguration section */
		32E6FF352A586BF30081E31B /* Debug */ = {
			isa = XCBuildConfiguration;
			buildSettings = {
				ALWAYS_SEARCH_USER_PATHS = NO;
				CLANG_ANALYZER_NONNULL = YES;
				CLANG_ANALYZER_NUMBER_OBJECT_CONVERSION = YES_AGGRESSIVE;
				CLANG_CXX_LANGUAGE_STANDARD = "gnu++20";
				CLANG_ENABLE_MODULES = YES;
				CLANG_ENABLE_OBJC_ARC = YES;
				CLANG_ENABLE_OBJC_WEAK = YES;
				CLANG_WARN_BLOCK_CAPTURE_AUTORELEASING = YES;
				CLANG_WARN_BOOL_CONVERSION = YES;
				CLANG_WARN_COMMA = YES;
				CLANG_WARN_CONSTANT_CONVERSION = YES;
				CLANG_WARN_DEPRECATED_OBJC_IMPLEMENTATIONS = YES;
				CLANG_WARN_DIRECT_OBJC_ISA_USAGE = YES_ERROR;
				CLANG_WARN_DOCUMENTATION_COMMENTS = YES;
				CLANG_WARN_EMPTY_BODY = YES;
				CLANG_WARN_ENUM_CONVERSION = YES;
				CLANG_WARN_INFINITE_RECURSION = YES;
				CLANG_WARN_INT_CONVERSION = YES;
				CLANG_WARN_NON_LITERAL_NULL_CONVERSION = YES;
				CLANG_WARN_OBJC_IMPLICIT_RETAIN_SELF = YES;
				CLANG_WARN_OBJC_LITERAL_CONVERSION = YES;
				CLANG_WARN_OBJC_ROOT_CLASS = YES_ERROR;
				CLANG_WARN_QUOTED_INCLUDE_IN_FRAMEWORK_HEADER = YES;
				CLANG_WARN_RANGE_LOOP_ANALYSIS = YES;
				CLANG_WARN_STRICT_PROTOTYPES = YES;
				CLANG_WARN_SUSPICIOUS_MOVE = YES;
				CLANG_WARN_UNGUARDED_AVAILABILITY = YES_AGGRESSIVE;
				CLANG_WARN_UNREACHABLE_CODE = YES;
				CLANG_WARN__DUPLICATE_METHOD_MATCH = YES;
				COPY_PHASE_STRIP = NO;
				DEBUG_INFORMATION_FORMAT = dwarf;
				ENABLE_STRICT_OBJC_MSGSEND = YES;
				ENABLE_TESTABILITY = YES;
				GCC_C_LANGUAGE_STANDARD = gnu11;
				GCC_DYNAMIC_NO_PIC = NO;
				GCC_NO_COMMON_BLOCKS = YES;
				GCC_OPTIMIZATION_LEVEL = 0;
				GCC_PREPROCESSOR_DEFINITIONS = (
					"DEBUG=1",
					"$(inherited)",
				);
				GCC_WARN_64_TO_32_BIT_CONVERSION = YES;
				GCC_WARN_ABOUT_RETURN_TYPE = YES_ERROR;
				GCC_WARN_UNDECLARED_SELECTOR = YES;
				GCC_WARN_UNINITIALIZED_AUTOS = YES_AGGRESSIVE;
				GCC_WARN_UNUSED_FUNCTION = YES;
				GCC_WARN_UNUSED_VARIABLE = YES;
				IPHONEOS_DEPLOYMENT_TARGET = 16.4;
				MTL_ENABLE_DEBUG_INFO = INCLUDE_SOURCE;
				MTL_FAST_MATH = YES;
				ONLY_ACTIVE_ARCH = YES;
				SDKROOT = iphoneos;
				SWIFT_ACTIVE_COMPILATION_CONDITIONS = DEBUG;
				SWIFT_OPTIMIZATION_LEVEL = "-Onone";
			};
			name = Debug;
		};
		32E6FF362A586BF30081E31B /* Release */ = {
			isa = XCBuildConfiguration;
			buildSettings = {
				ALWAYS_SEARCH_USER_PATHS = NO;
				CLANG_ANALYZER_NONNULL = YES;
				CLANG_ANALYZER_NUMBER_OBJECT_CONVERSION = YES_AGGRESSIVE;
				CLANG_CXX_LANGUAGE_STANDARD = "gnu++20";
				CLANG_ENABLE_MODULES = YES;
				CLANG_ENABLE_OBJC_ARC = YES;
				CLANG_ENABLE_OBJC_WEAK = YES;
				CLANG_WARN_BLOCK_CAPTURE_AUTORELEASING = YES;
				CLANG_WARN_BOOL_CONVERSION = YES;
				CLANG_WARN_COMMA = YES;
				CLANG_WARN_CONSTANT_CONVERSION = YES;
				CLANG_WARN_DEPRECATED_OBJC_IMPLEMENTATIONS = YES;
				CLANG_WARN_DIRECT_OBJC_ISA_USAGE = YES_ERROR;
				CLANG_WARN_DOCUMENTATION_COMMENTS = YES;
				CLANG_WARN_EMPTY_BODY = YES;
				CLANG_WARN_ENUM_CONVERSION = YES;
				CLANG_WARN_INFINITE_RECURSION = YES;
				CLANG_WARN_INT_CONVERSION = YES;
				CLANG_WARN_NON_LITERAL_NULL_CONVERSION = YES;
				CLANG_WARN_OBJC_IMPLICIT_RETAIN_SELF = YES;
				CLANG_WARN_OBJC_LITERAL_CONVERSION = YES;
				CLANG_WARN_OBJC_ROOT_CLASS = YES_ERROR;
				CLANG_WARN_QUOTED_INCLUDE_IN_FRAMEWORK_HEADER = YES;
				CLANG_WARN_RANGE_LOOP_ANALYSIS = YES;
				CLANG_WARN_STRICT_PROTOTYPES = YES;
				CLANG_WARN_SUSPICIOUS_MOVE = YES;
				CLANG_WARN_UNGUARDED_AVAILABILITY = YES_AGGRESSIVE;
				CLANG_WARN_UNREACHABLE_CODE = YES;
				CLANG_WARN__DUPLICATE_METHOD_MATCH = YES;
				COPY_PHASE_STRIP = NO;
				DEBUG_INFORMATION_FORMAT = "dwarf-with-dsym";
				ENABLE_NS_ASSERTIONS = NO;
				ENABLE_STRICT_OBJC_MSGSEND = YES;
				GCC_C_LANGUAGE_STANDARD = gnu11;
				GCC_NO_COMMON_BLOCKS = YES;
				GCC_WARN_64_TO_32_BIT_CONVERSION = YES;
				GCC_WARN_ABOUT_RETURN_TYPE = YES_ERROR;
				GCC_WARN_UNDECLARED_SELECTOR = YES;
				GCC_WARN_UNINITIALIZED_AUTOS = YES_AGGRESSIVE;
				GCC_WARN_UNUSED_FUNCTION = YES;
				GCC_WARN_UNUSED_VARIABLE = YES;
				IPHONEOS_DEPLOYMENT_TARGET = 16.4;
				MTL_ENABLE_DEBUG_INFO = NO;
				MTL_FAST_MATH = YES;
				SDKROOT = iphoneos;
				SWIFT_COMPILATION_MODE = wholemodule;
				SWIFT_OPTIMIZATION_LEVEL = "-O";
				VALIDATE_PRODUCT = YES;
			};
			name = Release;
		};
		32E6FF382A586BF30081E31B /* Debug */ = {
			isa = XCBuildConfiguration;
			baseConfigurationReference = E3300F3A8C5A9BAC92CA5872 /* Pods-OneFootball.debug.xcconfig */;
			buildSettings = {
				ASSETCATALOG_COMPILER_APPICON_NAME = AppIcon;
				ASSETCATALOG_COMPILER_GLOBAL_ACCENT_COLOR_NAME = AccentColor;
				CODE_SIGN_STYLE = Automatic;
				CURRENT_PROJECT_VERSION = 1;
				DEVELOPMENT_TEAM = 962338348U;
				GENERATE_INFOPLIST_FILE = YES;
				INFOPLIST_FILE = OneFootball/Info.plist;
				INFOPLIST_KEY_UIApplicationSupportsIndirectInputEvents = YES;
				INFOPLIST_KEY_UILaunchStoryboardName = LaunchScreen;
				INFOPLIST_KEY_UISupportedInterfaceOrientations_iPad = "UIInterfaceOrientationPortrait UIInterfaceOrientationPortraitUpsideDown UIInterfaceOrientationLandscapeLeft UIInterfaceOrientationLandscapeRight";
				INFOPLIST_KEY_UISupportedInterfaceOrientations_iPhone = "UIInterfaceOrientationPortrait UIInterfaceOrientationLandscapeLeft UIInterfaceOrientationLandscapeRight";
				LD_RUNPATH_SEARCH_PATHS = (
					"$(inherited)",
					"@executable_path/Frameworks",
				);
				MARKETING_VERSION = 1.0;
				PRODUCT_BUNDLE_IDENTIFIER = com.iskhak.OneFootball;
				PRODUCT_NAME = "$(TARGET_NAME)";
				SWIFT_EMIT_LOC_STRINGS = YES;
				SWIFT_VERSION = 5.0;
				TARGETED_DEVICE_FAMILY = "1,2";
			};
			name = Debug;
		};
		32E6FF392A586BF30081E31B /* Release */ = {
			isa = XCBuildConfiguration;
			baseConfigurationReference = F426F271D5F568D0FCD78575 /* Pods-OneFootball.release.xcconfig */;
			buildSettings = {
				ASSETCATALOG_COMPILER_APPICON_NAME = AppIcon;
				ASSETCATALOG_COMPILER_GLOBAL_ACCENT_COLOR_NAME = AccentColor;
				CODE_SIGN_STYLE = Automatic;
				CURRENT_PROJECT_VERSION = 1;
				DEVELOPMENT_TEAM = 962338348U;
				GENERATE_INFOPLIST_FILE = YES;
				INFOPLIST_FILE = OneFootball/Info.plist;
				INFOPLIST_KEY_UIApplicationSupportsIndirectInputEvents = YES;
				INFOPLIST_KEY_UILaunchStoryboardName = LaunchScreen;
				INFOPLIST_KEY_UISupportedInterfaceOrientations_iPad = "UIInterfaceOrientationPortrait UIInterfaceOrientationPortraitUpsideDown UIInterfaceOrientationLandscapeLeft UIInterfaceOrientationLandscapeRight";
				INFOPLIST_KEY_UISupportedInterfaceOrientations_iPhone = "UIInterfaceOrientationPortrait UIInterfaceOrientationLandscapeLeft UIInterfaceOrientationLandscapeRight";
				LD_RUNPATH_SEARCH_PATHS = (
					"$(inherited)",
					"@executable_path/Frameworks",
				);
				MARKETING_VERSION = 1.0;
				PRODUCT_BUNDLE_IDENTIFIER = com.iskhak.OneFootball;
				PRODUCT_NAME = "$(TARGET_NAME)";
				SWIFT_EMIT_LOC_STRINGS = YES;
				SWIFT_VERSION = 5.0;
				TARGETED_DEVICE_FAMILY = "1,2";
			};
			name = Release;
		};
/* End XCBuildConfiguration section */

/* Begin XCConfigurationList section */
		32E6FF1E2A586BF30081E31B /* Build configuration list for PBXProject "OneFootball" */ = {
			isa = XCConfigurationList;
			buildConfigurations = (
				32E6FF352A586BF30081E31B /* Debug */,
				32E6FF362A586BF30081E31B /* Release */,
			);
			defaultConfigurationIsVisible = 0;
			defaultConfigurationName = Release;
		};
		32E6FF372A586BF30081E31B /* Build configuration list for PBXNativeTarget "OneFootball" */ = {
			isa = XCConfigurationList;
			buildConfigurations = (
				32E6FF382A586BF30081E31B /* Debug */,
				32E6FF392A586BF30081E31B /* Release */,
			);
			defaultConfigurationIsVisible = 0;
			defaultConfigurationName = Release;
		};
/* End XCConfigurationList section */
	};
	rootObject = 32E6FF1B2A586BF30081E31B /* Project object */;
}
